lockfileVersion: '9.0'

settings:
  autoInstallPeers: true
  excludeLinksFromLockfile: false

importers:

  .:
    dependencies:
      '@radix-ui/colors':
        specifier: ^3.0.0
        version: 3.0.0

packages:

  '@radix-ui/colors@3.0.0':
    resolution: {integrity: sha512-FUOsGBkHrYJwCSEtWRCIfQbZG7q1e6DgxCIOe1SUQzDe/7rXXeA47s8yCn6fuTNQAj1Zq4oTFi9Yjp3wzElcxg==}

snapshots:

  '@radix-ui/colors@3.0.0': {}
